// !$*UTF8*$!
{
	archiveVersion = 1;
	classes = {
	};
	objectVersion = 50;
	objects = {

/* Begin PBXBuildFile section */
		5301C5DF24D4B46A005E1594 /* AppDelegate.swift in Sources */ = {isa = PBXBuildFile; fileRef = 5301C5DE24D4B46A005E1594 /* AppDelegate.swift */; };
		5301C5E124D4B46A005E1594 /* SceneDelegate.swift in Sources */ = {isa = PBXBuildFile; fileRef = 5301C5E024D4B46A005E1594 /* SceneDelegate.swift */; };
		5301C5E424D4B46A005E1594 /* CoreDataProject.xcdatamodeld in Sources */ = {isa = PBXBuildFile; fileRef = 5301C5E224D4B46A005E1594 /* CoreDataProject.xcdatamodeld */; };
		5301C5E624D4B46A005E1594 /* ContentView.swift in Sources */ = {isa = PBXBuildFile; fileRef = 5301C5E524D4B46A005E1594 /* ContentView.swift */; };
		5301C5E824D4B46D005E1594 /* Assets.xcassets in Resources */ = {isa = PBXBuildFile; fileRef = 5301C5E724D4B46D005E1594 /* Assets.xcassets */; };
		5301C5EB24D4B46D005E1594 /* Preview Assets.xcassets in Resources */ = {isa = PBXBuildFile; fileRef = 5301C5EA24D4B46D005E1594 /* Preview Assets.xcassets */; };
		5301C5EE24D4B46D005E1594 /* LaunchScreen.storyboard in Resources */ = {isa = PBXBuildFile; fileRef = 5301C5EC24D4B46D005E1594 /* LaunchScreen.storyboard */; };
		53D08AEA24D6FF7F0095F779 /* MoviesView.swift in Sources */ = {isa = PBXBuildFile; fileRef = 53D08AE924D6FF7F0095F779 /* MoviesView.swift */; };
		53D08AEC24D6FFC00095F779 /* ShipsView.swift in Sources */ = {isa = PBXBuildFile; fileRef = 53D08AEB24D6FFC00095F779 /* ShipsView.swift */; };
		53D08AEE24D790550095F779 /* FilteredList.swift in Sources */ = {isa = PBXBuildFile; fileRef = 53D08AED24D790550095F779 /* FilteredList.swift */; };
		53D08B1E24D85B7E0095F779 /* Ship+CoreDataClass.swift in Sources */ = {isa = PBXBuildFile; fileRef = 53D08B1624D85B7E0095F779 /* Ship+CoreDataClass.swift */; };
		53D08B2024D85B7E0095F779 /* Country+CoreDataClass.swift in Sources */ = {isa = PBXBuildFile; fileRef = 53D08B1824D85B7E0095F779 /* Country+CoreDataClass.swift */; };
		53D08B2224D85B7E0095F779 /* Movie+CoreDataClass.swift in Sources */ = {isa = PBXBuildFile; fileRef = 53D08B1A24D85B7E0095F779 /* Movie+CoreDataClass.swift */; };
		53D08B2424D85B7E0095F779 /* Candy+CoreDataClass.swift in Sources */ = {isa = PBXBuildFile; fileRef = 53D08B1C24D85B7E0095F779 /* Candy+CoreDataClass.swift */; };
		53D08B2724D85D960095F779 /* CandyCountryView.swift in Sources */ = {isa = PBXBuildFile; fileRef = 53D08B2624D85D960095F779 /* CandyCountryView.swift */; };
/* End PBXBuildFile section */

/* Begin PBXFileReference section */
		5301C5DB24D4B46A005E1594 /* CoreDataProject.app */ = {isa = PBXFileReference; explicitFileType = wrapper.application; includeInIndex = 0; path = CoreDataProject.app; sourceTree = BUILT_PRODUCTS_DIR; };
		5301C5DE24D4B46A005E1594 /* AppDelegate.swift */ = {isa = PBXFileReference; lastKnownFileType = sourcecode.swift; path = AppDelegate.swift; sourceTree = "<group>"; };
		5301C5E024D4B46A005E1594 /* SceneDelegate.swift */ = {isa = PBXFileReference; lastKnownFileType = sourcecode.swift; path = SceneDelegate.swift; sourceTree = "<group>"; };
		5301C5E324D4B46A005E1594 /* CoreDataProject.xcdatamodel */ = {isa = PBXFileReference; lastKnownFileType = wrapper.xcdatamodel; path = CoreDataProject.xcdatamodel; sourceTree = "<group>"; };
		5301C5E524D4B46A005E1594 /* ContentView.swift */ = {isa = PBXFileReference; lastKnownFileType = sourcecode.swift; path = ContentView.swift; sourceTree = "<group>"; };
		5301C5E724D4B46D005E1594 /* Assets.xcassets */ = {isa = PBXFileReference; lastKnownFileType = folder.assetcatalog; path = Assets.xcassets; sourceTree = "<group>"; };
		5301C5EA24D4B46D005E1594 /* Preview Assets.xcassets */ = {isa = PBXFileReference; lastKnownFileType = folder.assetcatalog; path = "Preview Assets.xcassets"; sourceTree = "<group>"; };
		5301C5ED24D4B46D005E1594 /* Base */ = {isa = PBXFileReference; lastKnownFileType = file.storyboard; name = Base; path = Base.lproj/LaunchScreen.storyboard; sourceTree = "<group>"; };
		5301C5EF24D4B46D005E1594 /* Info.plist */ = {isa = PBXFileReference; lastKnownFileType = text.plist.xml; path = Info.plist; sourceTree = "<group>"; };
		53D08AE924D6FF7F0095F779 /* MoviesView.swift */ = {isa = PBXFileReference; lastKnownFileType = sourcecode.swift; path = MoviesView.swift; sourceTree = "<group>"; };
		53D08AEB24D6FFC00095F779 /* ShipsView.swift */ = {isa = PBXFileReference; lastKnownFileType = sourcecode.swift; path = ShipsView.swift; sourceTree = "<group>"; };
		53D08AED24D790550095F779 /* FilteredList.swift */ = {isa = PBXFileReference; lastKnownFileType = sourcecode.swift; path = FilteredList.swift; sourceTree = "<group>"; };
		53D08B1624D85B7E0095F779 /* Ship+CoreDataClass.swift */ = {isa = PBXFileReference; lastKnownFileType = sourcecode.swift; path = "Ship+CoreDataClass.swift"; sourceTree = SOURCE_ROOT; };
		53D08B1824D85B7E0095F779 /* Country+CoreDataClass.swift */ = {isa = PBXFileReference; lastKnownFileType = sourcecode.swift; path = "Country+CoreDataClass.swift"; sourceTree = SOURCE_ROOT; };
		53D08B1A24D85B7E0095F779 /* Movie+CoreDataClass.swift */ = {isa = PBXFileReference; lastKnownFileType = sourcecode.swift; path = "Movie+CoreDataClass.swift"; sourceTree = SOURCE_ROOT; };
		53D08B1C24D85B7E0095F779 /* Candy+CoreDataClass.swift */ = {isa = PBXFileReference; lastKnownFileType = sourcecode.swift; path = "Candy+CoreDataClass.swift"; sourceTree = SOURCE_ROOT; };
		53D08B2624D85D960095F779 /* CandyCountryView.swift */ = {isa = PBXFileReference; lastKnownFileType = sourcecode.swift; path = CandyCountryView.swift; sourceTree = "<group>"; };
/* End PBXFileReference section */

/* Begin PBXFrameworksBuildPhase section */
		5301C5D824D4B46A005E1594 /* Frameworks */ = {
			isa = PBXFrameworksBuildPhase;
			buildActionMask = 2147483647;
			files = (
			);
			runOnlyForDeploymentPostprocessing = 0;
		};
/* End PBXFrameworksBuildPhase section */

/* Begin PBXGroup section */
		5301C5D224D4B469005E1594 = {
			isa = PBXGroup;
			children = (
				5301C5DD24D4B46A005E1594 /* CoreDataProject */,
				5301C5DC24D4B46A005E1594 /* Products */,
			);
			sourceTree = "<group>";
		};
		5301C5DC24D4B46A005E1594 /* Products */ = {
			isa = PBXGroup;
			children = (
				5301C5DB24D4B46A005E1594 /* CoreDataProject.app */,
			);
			name = Products;
			sourceTree = "<group>";
		};
		5301C5DD24D4B46A005E1594 /* CoreDataProject */ = {
			isa = PBXGroup;
			children = (
				53D08AF724D8318C0095F779 /* Models */,
				5301C5DE24D4B46A005E1594 /* AppDelegate.swift */,
				5301C5E024D4B46A005E1594 /* SceneDelegate.swift */,
				5301C5E524D4B46A005E1594 /* ContentView.swift */,
				53D08B2624D85D960095F779 /* CandyCountryView.swift */,
				53D08AEB24D6FFC00095F779 /* ShipsView.swift */,
				53D08AED24D790550095F779 /* FilteredList.swift */,
				53D08AE924D6FF7F0095F779 /* MoviesView.swift */,
				5301C5E724D4B46D005E1594 /* Assets.xcassets */,
				5301C5EC24D4B46D005E1594 /* LaunchScreen.storyboard */,
				5301C5EF24D4B46D005E1594 /* Info.plist */,
				5301C5E224D4B46A005E1594 /* CoreDataProject.xcdatamodeld */,
				5301C5E924D4B46D005E1594 /* Preview Content */,
			);
			path = CoreDataProject;
			sourceTree = "<group>";
		};
		5301C5E924D4B46D005E1594 /* Preview Content */ = {
			isa = PBXGroup;
			children = (
				5301C5EA24D4B46D005E1594 /* Preview Assets.xcassets */,
			);
			path = "Preview Content";
			sourceTree = "<group>";
		};
		53D08AF724D8318C0095F779 /* Models */ = {
			isa = PBXGroup;
			children = (
				53D08B1624D85B7E0095F779 /* Ship+CoreDataClass.swift */,
				53D08B1824D85B7E0095F779 /* Country+CoreDataClass.swift */,
				53D08B1A24D85B7E0095F779 /* Movie+CoreDataClass.swift */,
				53D08B1C24D85B7E0095F779 /* Candy+CoreDataClass.swift */,
			);
			path = Models;
			sourceTree = "<group>";
		};
/* End PBXGroup section */

/* Begin PBXNativeTarget section */
		5301C5DA24D4B46A005E1594 /* CoreDataProject */ = {
			isa = PBXNativeTarget;
			buildConfigurationList = 5301C5F224D4B46D005E1594 /* Build configuration list for PBXNativeTarget "CoreDataProject" */;
			buildPhases = (
				5301C5D724D4B46A005E1594 /* Sources */,
				5301C5D824D4B46A005E1594 /* Frameworks */,
				5301C5D924D4B46A005E1594 /* Resources */,
			);
			buildRules = (
			);
			dependencies = (
			);
			name = CoreDataProject;
			productName = CoreDataProject;
			productReference = 5301C5DB24D4B46A005E1594 /* CoreDataProject.app */;
			productType = "com.apple.product-type.application";
		};
/* End PBXNativeTarget section */

/* Begin PBXProject section */
		5301C5D324D4B469005E1594 /* Project object */ = {
			isa = PBXProject;
			attributes = {
				LastSwiftUpdateCheck = 1160;
				LastUpgradeCheck = 1160;
				ORGANIZATIONNAME = Andavazgar;
				TargetAttributes = {
					5301C5DA24D4B46A005E1594 = {
						CreatedOnToolsVersion = 11.6;
					};
				};
			};
			buildConfigurationList = 5301C5D624D4B469005E1594 /* Build configuration list for PBXProject "CoreDataProject" */;
			compatibilityVersion = "Xcode 9.3";
			developmentRegion = en;
			hasScannedForEncodings = 0;
			knownRegions = (
				en,
				Base,
			);
			mainGroup = 5301C5D224D4B469005E1594;
			productRefGroup = 5301C5DC24D4B46A005E1594 /* Products */;
			projectDirPath = "";
			projectRoot = "";
			targets = (
				5301C5DA24D4B46A005E1594 /* CoreDataProject */,
			);
		};
/* End PBXProject section */

/* Begin PBXResourcesBuildPhase section */
		5301C5D924D4B46A005E1594 /* Resources */ = {
			isa = PBXResourcesBuildPhase;
			buildActionMask = 2147483647;
			files = (
				5301C5EE24D4B46D005E1594 /* LaunchScreen.storyboard in Resources */,
				5301C5EB24D4B46D005E1594 /* Preview Assets.xcassets in Resources */,
				5301C5E824D4B46D005E1594 /* Assets.xcassets in Resources */,
			);
			runOnlyForDeploymentPostprocessing = 0;
		};
/* End PBXResourcesBuildPhase section */

/* Begin PBXSourcesBuildPhase section */
		5301C5D724D4B46A005E1594 /* Sources */ = {
			isa = PBXSourcesBuildPhase;
			buildActionMask = 2147483647;
			files = (
				5301C5DF24D4B46A005E1594 /* AppDelegate.swift in Sources */,
				53D08B2424D85B7E0095F779 /* Candy+CoreDataClass.swift in Sources */,
				5301C5E124D4B46A005E1594 /* SceneDelegate.swift in Sources */,
				53D08AEE24D790550095F779 /* FilteredList.swift in Sources */,
				53D08B1E24D85B7E0095F779 /* Ship+CoreDataClass.swift in Sources */,
				5301C5E624D4B46A005E1594 /* ContentView.swift in Sources */,
				53D08B2024D85B7E0095F779 /* Country+CoreDataClass.swift in Sources */,
				53D08AEC24D6FFC00095F779 /* ShipsView.swift in Sources */,
				53D08AEA24D6FF7F0095F779 /* MoviesView.swift in Sources */,
				5301C5E424D4B46A005E1594 /* CoreDataProject.xcdatamodeld in Sources */,
				53D08B2224D85B7E0095F779 /* Movie+CoreDataClass.swift in Sources */,
				53D08B2724D85D960095F779 /* CandyCountryView.swift in Sources */,
			);
			runOnlyForDeploymentPostprocessing = 0;
		};
/* End PBXSourcesBuildPhase section */

/* Begin PBXVariantGroup section */
		5301C5EC24D4B46D005E1594 /* LaunchScreen.storyboard */ = {
			isa = PBXVariantGroup;
			children = (
				5301C5ED24D4B46D005E1594 /* Base */,
			);
			name = LaunchScreen.storyboard;
			sourceTree = "<group>";
		};
/* End PBXVariantGroup section */

/* Begin XCBuildConfiguration section */
		5301C5F024D4B46D005E1594 /* Debug */ = {
			isa = XCBuildConfiguration;
			buildSettings = {
				ALWAYS_SEARCH_USER_PATHS = NO;
				CLANG_ANALYZER_NONNULL = YES;
				CLANG_ANALYZER_NUMBER_OBJECT_CONVERSION = YES_AGGRESSIVE;
				CLANG_CXX_LANGUAGE_STANDARD = "gnu++14";
				CLANG_CXX_LIBRARY = "libc++";
				CLANG_ENABLE_MODULES = YES;
				CLANG_ENABLE_OBJC_ARC = YES;
				CLANG_ENABLE_OBJC_WEAK = YES;
				CLANG_WARN_BLOCK_CAPTURE_AUTORELEASING = YES;
				CLANG_WARN_BOOL_CONVERSION = YES;
				CLANG_WARN_COMMA = YES;
				CLANG_WARN_CONSTANT_CONVERSION = YES;
				CLANG_WARN_DEPRECATED_OBJC_IMPLEMENTATIONS = YES;
				CLANG_WARN_DIRECT_OBJC_ISA_USAGE = YES_ERROR;
				CLANG_WARN_DOCUMENTATION_COMMENTS = YES;
				CLANG_WARN_EMPTY_BODY = YES;
				CLANG_WARN_ENUM_CONVERSION = YES;
				CLANG_WARN_INFINITE_RECURSION = YES;
				CLANG_WARN_INT_CONVERSION = YES;
				CLANG_WARN_NON_LITERAL_NULL_CONVERSION = YES;
				CLANG_WARN_OBJC_IMPLICIT_RETAIN_SELF = YES;
				CLANG_WARN_OBJC_LITERAL_CONVERSION = YES;
				CLANG_WARN_OBJC_ROOT_CLASS = YES_ERROR;
				CLANG_WARN_RANGE_LOOP_ANALYSIS = YES;
				CLANG_WARN_STRICT_PROTOTYPES = YES;
				CLANG_WARN_SUSPICIOUS_MOVE = YES;
				CLANG_WARN_UNGUARDED_AVAILABILITY = YES_AGGRESSIVE;
				CLANG_WARN_UNREACHABLE_CODE = YES;
				CLANG_WARN__DUPLICATE_METHOD_MATCH = YES;
				COPY_PHASE_STRIP = NO;
				DEBUG_INFORMATION_FORMAT = dwarf;
				ENABLE_STRICT_OBJC_MSGSEND = YES;
				ENABLE_TESTABILITY = YES;
				GCC_C_LANGUAGE_STANDARD = gnu11;
				GCC_DYNAMIC_NO_PIC = NO;
				GCC_NO_COMMON_BLOCKS = YES;
				GCC_OPTIMIZATION_LEVEL = 0;
				GCC_PREPROCESSOR_DEFINITIONS = (
					"DEBUG=1",
					"$(inherited)",
				);
				GCC_WARN_64_TO_32_BIT_CONVERSION = YES;
				GCC_WARN_ABOUT_RETURN_TYPE = YES_ERROR;
				GCC_WARN_UNDECLARED_SELECTOR = YES;
				GCC_WARN_UNINITIALIZED_AUTOS = YES_AGGRESSIVE;
				GCC_WARN_UNUSED_FUNCTION = YES;
				GCC_WARN_UNUSED_VARIABLE = YES;
				IPHONEOS_DEPLOYMENT_TARGET = 13.6;
				MTL_ENABLE_DEBUG_INFO = INCLUDE_SOURCE;
				MTL_FAST_MATH = YES;
				ONLY_ACTIVE_ARCH = YES;
				SDKROOT = iphoneos;
				SWIFT_ACTIVE_COMPILATION_CONDITIONS = DEBUG;
				SWIFT_OPTIMIZATION_LEVEL = "-Onone";
			};
			name = Debug;
		};
		5301C5F124D4B46D005E1594 /* Release */ = {
			isa = XCBuildConfiguration;
			buildSettings = {
				ALWAYS_SEARCH_USER_PATHS = NO;
				CLANG_ANALYZER_NONNULL = YES;
				CLANG_ANALYZER_NUMBER_OBJECT_CONVERSION = YES_AGGRESSIVE;
				CLANG_CXX_LANGUAGE_STANDARD = "gnu++14";
				CLANG_CXX_LIBRARY = "libc++";
				CLANG_ENABLE_MODULES = YES;
				CLANG_ENABLE_OBJC_ARC = YES;
				CLANG_ENABLE_OBJC_WEAK = YES;
				CLANG_WARN_BLOCK_CAPTURE_AUTORELEASING = YES;
				CLANG_WARN_BOOL_CONVERSION = YES;
				CLANG_WARN_COMMA = YES;
				CLANG_WARN_CONSTANT_CONVERSION = YES;
				CLANG_WARN_DEPRECATED_OBJC_IMPLEMENTATIONS = YES;
				CLANG_WARN_DIRECT_OBJC_ISA_USAGE = YES_ERROR;
				CLANG_WARN_DOCUMENTATION_COMMENTS = YES;
				CLANG_WARN_EMPTY_BODY = YES;
				CLANG_WARN_ENUM_CONVERSION = YES;
				CLANG_WARN_INFINITE_RECURSION = YES;
				CLANG_WARN_INT_CONVERSION = YES;
				CLANG_WARN_NON_LITERAL_NULL_CONVERSION = YES;
				CLANG_WARN_OBJC_IMPLICIT_RETAIN_SELF = YES;
				CLANG_WARN_OBJC_LITERAL_CONVERSION = YES;
				CLANG_WARN_OBJC_ROOT_CLASS = YES_ERROR;
				CLANG_WARN_RANGE_LOOP_ANALYSIS = YES;
				CLANG_WARN_STRICT_PROTOTYPES = YES;
				CLANG_WARN_SUSPICIOUS_MOVE = YES;
				CLANG_WARN_UNGUARDED_AVAILABILITY = YES_AGGRESSIVE;
				CLANG_WARN_UNREACHABLE_CODE = YES;
				CLANG_WARN__DUPLICATE_METHOD_MATCH = YES;
				COPY_PHASE_STRIP = NO;
				DEBUG_INFORMATION_FORMAT = "dwarf-with-dsym";
				ENABLE_NS_ASSERTIONS = NO;
				ENABLE_STRICT_OBJC_MSGSEND = YES;
				GCC_C_LANGUAGE_STANDARD = gnu11;
				GCC_NO_COMMON_BLOCKS = YES;
				GCC_WARN_64_TO_32_BIT_CONVERSION = YES;
				GCC_WARN_ABOUT_RETURN_TYPE = YES_ERROR;
				GCC_WARN_UNDECLARED_SELECTOR = YES;
				GCC_WARN_UNINITIALIZED_AUTOS = YES_AGGRESSIVE;
				GCC_WARN_UNUSED_FUNCTION = YES;
				GCC_WARN_UNUSED_VARIABLE = YES;
				IPHONEOS_DEPLOYMENT_TARGET = 13.6;
				MTL_ENABLE_DEBUG_INFO = NO;
				MTL_FAST_MATH = YES;
				SDKROOT = iphoneos;
				SWIFT_COMPILATION_MODE = wholemodule;
				SWIFT_OPTIMIZATION_LEVEL = "-O";
				VALIDATE_PRODUCT = YES;
			};
			name = Release;
		};
		5301C5F324D4B46D005E1594 /* Debug */ = {
			isa = XCBuildConfiguration;
			buildSettings = {
				ASSETCATALOG_COMPILER_APPICON_NAME = AppIcon;
				CODE_SIGN_STYLE = Automatic;
				DEVELOPMENT_ASSET_PATHS = "\"CoreDataProject/Preview Content\"";
				DEVELOPMENT_TEAM = WSR8557KHP;
				ENABLE_PREVIEWS = YES;
				INFOPLIST_FILE = CoreDataProject/Info.plist;
				LD_RUNPATH_SEARCH_PATHS = (
					"$(inherited)",
					"@executable_path/Frameworks",
				);
				PRODUCT_BUNDLE_IDENTIFIER = com.andavazgar.CoreDataProject;
				PRODUCT_NAME = "$(TARGET_NAME)";
				SWIFT_VERSION = 5.0;
				TARGETED_DEVICE_FAMILY = "1,2";
			};
			name = Debug;
		};
		5301C5F424D4B46D005E1594 /* Release */ = {
			isa = XCBuildConfiguration;
			buildSettings = {
				ASSETCATALOG_COMPILER_APPICON_NAME = AppIcon;
				CODE_SIGN_STYLE = Automatic;
				DEVELOPMENT_ASSET_PATHS = "\"CoreDataProject/Preview Content\"";
				DEVELOPMENT_TEAM = WSR8557KHP;
				ENABLE_PREVIEWS = YES;
				INFOPLIST_FILE = CoreDataProject/Info.plist;
				LD_RUNPATH_SEARCH_PATHS = (
					"$(inherited)",
					"@executable_path/Frameworks",
				);
				PRODUCT_BUNDLE_IDENTIFIER = com.andavazgar.CoreDataProject;
				PRODUCT_NAME = "$(TARGET_NAME)";
				SWIFT_VERSION = 5.0;
				TARGETED_DEVICE_FAMILY = "1,2";
			};
			name = Release;
		};
/* End XCBuildConfiguration section */

/* Begin XCConfigurationList section */
		5301C5D624D4B469005E1594 /* Build configuration list for PBXProject "CoreDataProject" */ = {
			isa = XCConfigurationList;
			buildConfigurations = (
				5301C5F024D4B46D005E1594 /* Debug */,
				5301C5F124D4B46D005E1594 /* Release */,
			);
			defaultConfigurationIsVisible = 0;
			defaultConfigurationName = Release;
		};
		5301C5F224D4B46D005E1594 /* Build configuration list for PBXNativeTarget "CoreDataProject" */ = {
			isa = XCConfigurationList;
			buildConfigurations = (
				5301C5F324D4B46D005E1594 /* Debug */,
				5301C5F424D4B46D005E1594 /* Release */,
			);
			defaultConfigurationIsVisible = 0;
			defaultConfigurationName = Release;
		};
/* End XCConfigurationList section */

/* Begin XCVersionGroup section */
		5301C5E224D4B46A005E1594 /* CoreDataProject.xcdatamodeld */ = {
			isa = XCVersionGroup;
			children = (
				5301C5E324D4B46A005E1594 /* CoreDataProject.xcdatamodel */,
			);
			currentVersion = 5301C5E324D4B46A005E1594 /* CoreDataProject.xcdatamodel */;
			path = CoreDataProject.xcdatamodeld;
			sourceTree = "<group>";
			versionGroupType = wrapper.xcdatamodel;
		};
/* End XCVersionGroup section */
	};
	rootObject = 5301C5D324D4B469005E1594 /* Project object */;
}
